
Microsoft Visual Studio Solution File, Format Version 12.00
# Visual Studio Version 17
VisualStudioVersion = 17.5.002.0
MinimumVisualStudioVersion = 10.0.40219.1
Project("{9A19103F-16F7-4668-BE54-9A1E7A4F7556}") = "Crea_Idee_per_Disegnare", "Crea_Idee_per_Disegnare.csproj", "{6592D74E-8DB9-4674-9128-5F91F408AC79}"
EndProject
Global
	GlobalSection(SolutionConfigurationPlatforms) = preSolution
		Debug|Any CPU = Debug|Any CPU
		Release|Any CPU = Release|Any CPU
	EndGlobalSection
	GlobalSection(ProjectConfigurationPlatforms) = postSolution
		{6592D74E-8DB9-4674-9128-5F91F408AC79}.Debug|Any CPU.ActiveCfg = Debug|Any CPU
		{6592D74E-8DB9-4674-9128-5F91F408AC79}.Debug|Any CPU.Build.0 = Debug|Any CPU
		{6592D74E-8DB9-4674-9128-5F91F408AC79}.Release|Any CPU.ActiveCfg = Release|Any CPU
		{6592D74E-8DB9-4674-9128-5F91F408AC79}.Release|Any CPU.Build.0 = Release|Any CPU
	EndGlobalSection
	GlobalSection(SolutionProperties) = preSolution
		HideSolutionNode = FALSE
	EndGlobalSection
	GlobalSection(ExtensibilityGlobals) = postSolution
		SolutionGuid = {A93724B3-FAC1-4215-B315-12E64F7BBC84}
	EndGlobalSection
EndGlobal
